
Microsoft Visual Studio Solution File, Format Version 12.00
# Visual Studio Version 17
VisualStudioVersion = 17.13.35507.96 d17.13
MinimumVisualStudioVersion = 10.0.40219.1
Project("{8BC9CEB8-8B4A-11D0-8D11-00A0C91BC942}") = "Data Structure Beta", "Data Structure Beta.vcxproj", "{4CC7D00F-EF7A-4776-BC1D-E20D1CA96B0B}"
EndProject
Global
	GlobalSection(SolutionConfigurationPlatforms) = preSolution
		Debug|x64 = Debug|x64
		Debug|x86 = Debug|x86
		Release|x64 = Release|x64
		Release|x86 = Release|x86
	EndGlobalSection
	GlobalSection(ProjectConfigurationPlatforms) = postSolution
		{4CC7D00F-EF7A-4776-BC1D-E20D1CA96B0B}.Debug|x64.ActiveCfg = Debug|x64
		{4CC7D00F-EF7A-4776-BC1D-E20D1CA96B0B}.Debug|x64.Build.0 = Debug|x64
		{4CC7D00F-EF7A-4776-BC1D-E20D1CA96B0B}.Debug|x86.ActiveCfg = Debug|Win32
		{4CC7D00F-EF7A-4776-BC1D-E20D1CA96B0B}.Debug|x86.Build.0 = Debug|Win32
		{4CC7D00F-EF7A-4776-BC1D-E20D1CA96B0B}.Release|x64.ActiveCfg = Release|x64
		{4CC7D00F-EF7A-4776-BC1D-E20D1CA96B0B}.Release|x64.Build.0 = Release|x64
		{4CC7D00F-EF7A-4776-BC1D-E20D1CA96B0B}.Release|x86.ActiveCfg = Release|Win32
		{4CC7D00F-EF7A-4776-BC1D-E20D1CA96B0B}.Release|x86.Build.0 = Release|Win32
	EndGlobalSection
	GlobalSection(SolutionProperties) = preSolution
		HideSolutionNode = FALSE
	EndGlobalSection
	GlobalSection(ExtensibilityGlobals) = postSolution
		SolutionGuid = {0487DC9F-F1B6-44B9-9491-EC81741208DB}
	EndGlobalSection
EndGlobal
